// !$*UTF8*$!
{
	archiveVersion = 1;
	classes = {
	};
	objectVersion = 77;
	objects = {

/* Begin PBXBuildFile section */
		4226D7282DAC4B910061BBDD /* DotLoadingView.swift in Sources */ = {isa = PBXBuildFile; fileRef = 4226D7272DAC4B910061BBDD /* DotLoadingView.swift */; };
		4226D7292DAC4B910061BBDD /* DotLoadingView.swift in Sources */ = {isa = PBXBuildFile; fileRef = 4226D7272DAC4B910061BBDD /* DotLoadingView.swift */; };
		427540DC2DAB646000756692 /* OpenAISwift in Frameworks */ = {isa = PBXBuildFile; productRef = 427540DB2DAB646000756692 /* OpenAISwift */; };
		427540DF2DAB64A100756692 /* OpenAISwift in Frameworks */ = {isa = PBXBuildFile; productRef = 427540DE2DAB64A100756692 /* OpenAISwift */; };
		427540E12DAB65CA00756692 /* MainView.swift in Sources */ = {isa = PBXBuildFile; fileRef = 427540E02DAB65CA00756692 /* MainView.swift */; };
		427540E42DAB670200756692 /* String+Extensions.swift in Sources */ = {isa = PBXBuildFile; fileRef = 427540E32DAB670200756692 /* String+Extensions.swift */; };
		427540E62DAB67EF00756692 /* MainViewModel.swift in Sources */ = {isa = PBXBuildFile; fileRef = 427540E52DAB67EF00756692 /* MainViewModel.swift */; };
		427540E82DAB682A00756692 /* MainService.swift in Sources */ = {isa = PBXBuildFile; fileRef = 427540E72DAB682A00756692 /* MainService.swift */; };
		42B5FCBE2DAC082100A82B80 /* OpenAIService.swift in Sources */ = {isa = PBXBuildFile; fileRef = 42B5FCBD2DAC082100A82B80 /* OpenAIService.swift */; };
		42B5FCC12DAC336500A82B80 /* ChatMessageResponse.swift in Sources */ = {isa = PBXBuildFile; fileRef = 42B5FCC02DAC336400A82B80 /* ChatMessageResponse.swift */; };
		42B5FCC32DAC349E00A82B80 /* APIError.swift in Sources */ = {isa = PBXBuildFile; fileRef = 42B5FCC22DAC349E00A82B80 /* APIError.swift */; };
		42B5FCC92DAC367800A82B80 /* Secrets.swift in Sources */ = {isa = PBXBuildFile; fileRef = 42B5FCC82DAC367800A82B80 /* Secrets.swift */; };
		42B5FCCA2DAC367800A82B80 /* Secrets.swift in Sources */ = {isa = PBXBuildFile; fileRef = 42B5FCC82DAC367800A82B80 /* Secrets.swift */; };
		42F5BED02DAC46AA00BC1E1D /* Secrets.plist in Resources */ = {isa = PBXBuildFile; fileRef = 42F5BECF2DAC46AA00BC1E1D /* Secrets.plist */; };
		42F5BED12DAC46AA00BC1E1D /* Secrets.plist in Resources */ = {isa = PBXBuildFile; fileRef = 42F5BECF2DAC46AA00BC1E1D /* Secrets.plist */; };
/* End PBXBuildFile section */

/* Begin PBXFileReference section */
		4226D7272DAC4B910061BBDD /* DotLoadingView.swift */ = {isa = PBXFileReference; lastKnownFileType = sourcecode.swift; path = DotLoadingView.swift; sourceTree = "<group>"; };
		427540B42DAB629900756692 /* ChatGptiOS.app */ = {isa = PBXFileReference; explicitFileType = wrapper.application; includeInIndex = 0; path = ChatGptiOS.app; sourceTree = BUILT_PRODUCTS_DIR; };
		427540C72DAB62E900756692 /* ChatGptmacOS.app */ = {isa = PBXFileReference; explicitFileType = wrapper.application; includeInIndex = 0; path = ChatGptmacOS.app; sourceTree = BUILT_PRODUCTS_DIR; };
		427540E02DAB65CA00756692 /* MainView.swift */ = {isa = PBXFileReference; lastKnownFileType = sourcecode.swift; path = MainView.swift; sourceTree = "<group>"; };
		427540E32DAB670200756692 /* String+Extensions.swift */ = {isa = PBXFileReference; lastKnownFileType = sourcecode.swift; path = "String+Extensions.swift"; sourceTree = "<group>"; };
		427540E52DAB67EF00756692 /* MainViewModel.swift */ = {isa = PBXFileReference; lastKnownFileType = sourcecode.swift; path = MainViewModel.swift; sourceTree = "<group>"; };
		427540E72DAB682A00756692 /* MainService.swift */ = {isa = PBXFileReference; lastKnownFileType = sourcecode.swift; path = MainService.swift; sourceTree = "<group>"; };
		42B5FCBD2DAC082100A82B80 /* OpenAIService.swift */ = {isa = PBXFileReference; lastKnownFileType = sourcecode.swift; path = OpenAIService.swift; sourceTree = "<group>"; };
		42B5FCC02DAC336400A82B80 /* ChatMessageResponse.swift */ = {isa = PBXFileReference; lastKnownFileType = sourcecode.swift; path = ChatMessageResponse.swift; sourceTree = "<group>"; };
		42B5FCC22DAC349E00A82B80 /* APIError.swift */ = {isa = PBXFileReference; lastKnownFileType = sourcecode.swift; path = APIError.swift; sourceTree = "<group>"; };
		42B5FCC82DAC367800A82B80 /* Secrets.swift */ = {isa = PBXFileReference; lastKnownFileType = sourcecode.swift; path = Secrets.swift; sourceTree = "<group>"; };
		42F5BECF2DAC46AA00BC1E1D /* Secrets.plist */ = {isa = PBXFileReference; lastKnownFileType = text.plist.xml; path = Secrets.plist; sourceTree = "<group>"; };
/* End PBXFileReference section */

/* Begin PBXFileSystemSynchronizedRootGroup section */
		427540B62DAB629900756692 /* ChatGptiOS */ = {
			isa = PBXFileSystemSynchronizedRootGroup;
			path = ChatGptiOS;
			sourceTree = "<group>";
		};
		427540C82DAB62E900756692 /* ChatGptmacOS */ = {
			isa = PBXFileSystemSynchronizedRootGroup;
			path = ChatGptmacOS;
			sourceTree = "<group>";
		};
/* End PBXFileSystemSynchronizedRootGroup section */

/* Begin PBXFrameworksBuildPhase section */
		427540B12DAB629800756692 /* Frameworks */ = {
			isa = PBXFrameworksBuildPhase;
			buildActionMask = 2147483647;
			files = (
				427540DC2DAB646000756692 /* OpenAISwift in Frameworks */,
			);
			runOnlyForDeploymentPostprocessing = 0;
		};
		427540C42DAB62E900756692 /* Frameworks */ = {
			isa = PBXFrameworksBuildPhase;
			buildActionMask = 2147483647;
			files = (
				427540DF2DAB64A100756692 /* OpenAISwift in Frameworks */,
			);
			runOnlyForDeploymentPostprocessing = 0;
		};
/* End PBXFrameworksBuildPhase section */

/* Begin PBXGroup section */
		4226D7262DAC4B5A0061BBDD /* CustomViews */ = {
			isa = PBXGroup;
			children = (
				4226D7272DAC4B910061BBDD /* DotLoadingView.swift */,
			);
			path = CustomViews;
			sourceTree = "<group>";
		};
		427540A92DAB624100756692 = {
			isa = PBXGroup;
			children = (
				427540D62DAB630200756692 /* Shared */,
				427540B62DAB629900756692 /* ChatGptiOS */,
				427540C82DAB62E900756692 /* ChatGptmacOS */,
				427540DD2DAB64A100756692 /* Frameworks */,
				427540B52DAB629900756692 /* Products */,
			);
			sourceTree = "<group>";
		};
		427540B52DAB629900756692 /* Products */ = {
			isa = PBXGroup;
			children = (
				427540B42DAB629900756692 /* ChatGptiOS.app */,
				427540C72DAB62E900756692 /* ChatGptmacOS.app */,
			);
			name = Products;
			sourceTree = "<group>";
		};
		427540D62DAB630200756692 /* Shared */ = {
			isa = PBXGroup;
			children = (
				42B5FCB82DAC07E200A82B80 /* Main */,
				427540E22DAB66D700756692 /* Extensions */,
				42F5BECF2DAC46AA00BC1E1D /* Secrets.plist */,
			);
			path = Shared;
			sourceTree = "<group>";
		};
		427540DD2DAB64A100756692 /* Frameworks */ = {
			isa = PBXGroup;
			children = (
			);
			name = Frameworks;
			sourceTree = "<group>";
		};
		427540E22DAB66D700756692 /* Extensions */ = {
			isa = PBXGroup;
			children = (
				427540E32DAB670200756692 /* String+Extensions.swift */,
			);
			path = Extensions;
			sourceTree = "<group>";
		};
		42B5FCB82DAC07E200A82B80 /* Main */ = {
			isa = PBXGroup;
			children = (
				4226D7262DAC4B5A0061BBDD /* CustomViews */,
				42B5FCBF2DAC334D00A82B80 /* Model */,
				42B5FCBC2DAC081000A82B80 /* Protocols */,
				42B5FCBB2DAC080600A82B80 /* View */,
				42B5FCBA2DAC07FE00A82B80 /* Service */,
				42B5FCB92DAC07F500A82B80 /* ViewModel */,
			);
			path = Main;
			sourceTree = "<group>";
		};
		42B5FCB92DAC07F500A82B80 /* ViewModel */ = {
			isa = PBXGroup;
			children = (
				427540E52DAB67EF00756692 /* MainViewModel.swift */,
			);
			path = ViewModel;
			sourceTree = "<group>";
		};
		42B5FCBA2DAC07FE00A82B80 /* Service */ = {
			isa = PBXGroup;
			children = (
				427540E72DAB682A00756692 /* MainService.swift */,
			);
			path = Service;
			sourceTree = "<group>";
		};
		42B5FCBB2DAC080600A82B80 /* View */ = {
			isa = PBXGroup;
			children = (
				427540E02DAB65CA00756692 /* MainView.swift */,
			);
			path = View;
			sourceTree = "<group>";
		};
		42B5FCBC2DAC081000A82B80 /* Protocols */ = {
			isa = PBXGroup;
			children = (
				42B5FCBD2DAC082100A82B80 /* OpenAIService.swift */,
			);
			path = Protocols;
			sourceTree = "<group>";
		};
		42B5FCBF2DAC334D00A82B80 /* Model */ = {
			isa = PBXGroup;
			children = (
				42B5FCC02DAC336400A82B80 /* ChatMessageResponse.swift */,
				42B5FCC22DAC349E00A82B80 /* APIError.swift */,
				42B5FCC82DAC367800A82B80 /* Secrets.swift */,
			);
			path = Model;
			sourceTree = "<group>";
		};
/* End PBXGroup section */

/* Begin PBXNativeTarget section */
		427540B32DAB629800756692 /* ChatGptiOS */ = {
			isa = PBXNativeTarget;
			buildConfigurationList = 427540C02DAB629A00756692 /* Build configuration list for PBXNativeTarget "ChatGptiOS" */;
			buildPhases = (
				427540B02DAB629800756692 /* Sources */,
				427540B12DAB629800756692 /* Frameworks */,
				427540B22DAB629800756692 /* Resources */,
			);
			buildRules = (
			);
			dependencies = (
			);
			fileSystemSynchronizedGroups = (
				427540B62DAB629900756692 /* ChatGptiOS */,
			);
			name = ChatGptiOS;
			packageProductDependencies = (
				427540DB2DAB646000756692 /* OpenAISwift */,
			);
			productName = ChatGptiOS;
			productReference = 427540B42DAB629900756692 /* ChatGptiOS.app */;
			productType = "com.apple.product-type.application";
		};
		427540C62DAB62E900756692 /* ChatGptmacOS */ = {
			isa = PBXNativeTarget;
			buildConfigurationList = 427540D32DAB62EB00756692 /* Build configuration list for PBXNativeTarget "ChatGptmacOS" */;
			buildPhases = (
				427540C32DAB62E900756692 /* Sources */,
				427540C42DAB62E900756692 /* Frameworks */,
				427540C52DAB62E900756692 /* Resources */,
			);
			buildRules = (
			);
			dependencies = (
			);
			fileSystemSynchronizedGroups = (
				427540C82DAB62E900756692 /* ChatGptmacOS */,
			);
			name = ChatGptmacOS;
			packageProductDependencies = (
				427540DE2DAB64A100756692 /* OpenAISwift */,
			);
			productName = ChatGptmacOS;
			productReference = 427540C72DAB62E900756692 /* ChatGptmacOS.app */;
			productType = "com.apple.product-type.application";
		};
/* End PBXNativeTarget section */

/* Begin PBXProject section */
		427540AA2DAB624100756692 /* Project object */ = {
			isa = PBXProject;
			attributes = {
				BuildIndependentTargetsInParallel = 1;
				LastSwiftUpdateCheck = 1600;
				LastUpgradeCheck = 1600;
				TargetAttributes = {
					427540B32DAB629800756692 = {
						CreatedOnToolsVersion = 16.0;
					};
					427540C62DAB62E900756692 = {
						CreatedOnToolsVersion = 16.0;
					};
				};
			};
			buildConfigurationList = 427540AD2DAB624100756692 /* Build configuration list for PBXProject "ChatGpt" */;
			developmentRegion = en;
			hasScannedForEncodings = 0;
			knownRegions = (
				en,
				Base,
			);
			mainGroup = 427540A92DAB624100756692;
			minimizedProjectReferenceProxies = 1;
			packageReferences = (
				427540DA2DAB646000756692 /* XCRemoteSwiftPackageReference "OpenAISwift" */,
			);
			preferredProjectObjectVersion = 77;
			productRefGroup = 427540B52DAB629900756692 /* Products */;
			projectDirPath = "";
			projectRoot = "";
			targets = (
				427540B32DAB629800756692 /* ChatGptiOS */,
				427540C62DAB62E900756692 /* ChatGptmacOS */,
			);
		};
/* End PBXProject section */

/* Begin PBXResourcesBuildPhase section */
		427540B22DAB629800756692 /* Resources */ = {
			isa = PBXResourcesBuildPhase;
			buildActionMask = 2147483647;
			files = (
				42F5BED12DAC46AA00BC1E1D /* Secrets.plist in Resources */,
			);
			runOnlyForDeploymentPostprocessing = 0;
		};
		427540C52DAB62E900756692 /* Resources */ = {
			isa = PBXResourcesBuildPhase;
			buildActionMask = 2147483647;
			files = (
				42F5BED02DAC46AA00BC1E1D /* Secrets.plist in Resources */,
			);
			runOnlyForDeploymentPostprocessing = 0;
		};
/* End PBXResourcesBuildPhase section */

/* Begin PBXSourcesBuildPhase section */
		427540B02DAB629800756692 /* Sources */ = {
			isa = PBXSourcesBuildPhase;
			buildActionMask = 2147483647;
			files = (
				427540E62DAB67EF00756692 /* MainViewModel.swift in Sources */,
				427540E42DAB670200756692 /* String+Extensions.swift in Sources */,
				42B5FCC32DAC349E00A82B80 /* APIError.swift in Sources */,
				4226D7282DAC4B910061BBDD /* DotLoadingView.swift in Sources */,
				42B5FCBE2DAC082100A82B80 /* OpenAIService.swift in Sources */,
				427540E82DAB682A00756692 /* MainService.swift in Sources */,
				42B5FCC12DAC336500A82B80 /* ChatMessageResponse.swift in Sources */,
				427540E12DAB65CA00756692 /* MainView.swift in Sources */,
				42B5FCC92DAC367800A82B80 /* Secrets.swift in Sources */,
			);
			runOnlyForDeploymentPostprocessing = 0;
		};
		427540C32DAB62E900756692 /* Sources */ = {
			isa = PBXSourcesBuildPhase;
			buildActionMask = 2147483647;
			files = (
				42B5FCCA2DAC367800A82B80 /* Secrets.swift in Sources */,
				4226D7292DAC4B910061BBDD /* DotLoadingView.swift in Sources */,
			);
			runOnlyForDeploymentPostprocessing = 0;
		};
/* End PBXSourcesBuildPhase section */

/* Begin XCBuildConfiguration section */
		427540AE2DAB624100756692 /* Debug */ = {
			isa = XCBuildConfiguration;
			buildSettings = {
			};
			name = Debug;
		};
		427540AF2DAB624100756692 /* Release */ = {
			isa = XCBuildConfiguration;
			buildSettings = {
			};
			name = Release;
		};
		427540C12DAB629A00756692 /* Debug */ = {
			isa = XCBuildConfiguration;
			buildSettings = {
				ALWAYS_SEARCH_USER_PATHS = NO;
				ASSETCATALOG_COMPILER_APPICON_NAME = AppIcon;
				ASSETCATALOG_COMPILER_GENERATE_SWIFT_ASSET_SYMBOL_EXTENSIONS = YES;
				ASSETCATALOG_COMPILER_GLOBAL_ACCENT_COLOR_NAME = AccentColor;
				CLANG_ANALYZER_NONNULL = YES;
				CLANG_ANALYZER_NUMBER_OBJECT_CONVERSION = YES_AGGRESSIVE;
				CLANG_CXX_LANGUAGE_STANDARD = "gnu++20";
				CLANG_ENABLE_MODULES = YES;
				CLANG_ENABLE_OBJC_ARC = YES;
				CLANG_ENABLE_OBJC_WEAK = YES;
				CLANG_WARN_BLOCK_CAPTURE_AUTORELEASING = YES;
				CLANG_WARN_BOOL_CONVERSION = YES;
				CLANG_WARN_COMMA = YES;
				CLANG_WARN_CONSTANT_CONVERSION = YES;
				CLANG_WARN_DEPRECATED_OBJC_IMPLEMENTATIONS = YES;
				CLANG_WARN_DIRECT_OBJC_ISA_USAGE = YES_ERROR;
				CLANG_WARN_DOCUMENTATION_COMMENTS = YES;
				CLANG_WARN_EMPTY_BODY = YES;
				CLANG_WARN_ENUM_CONVERSION = YES;
				CLANG_WARN_INFINITE_RECURSION = YES;
				CLANG_WARN_INT_CONVERSION = YES;
				CLANG_WARN_NON_LITERAL_NULL_CONVERSION = YES;
				CLANG_WARN_OBJC_IMPLICIT_RETAIN_SELF = YES;
				CLANG_WARN_OBJC_LITERAL_CONVERSION = YES;
				CLANG_WARN_OBJC_ROOT_CLASS = YES_ERROR;
				CLANG_WARN_QUOTED_INCLUDE_IN_FRAMEWORK_HEADER = YES;
				CLANG_WARN_RANGE_LOOP_ANALYSIS = YES;
				CLANG_WARN_STRICT_PROTOTYPES = YES;
				CLANG_WARN_SUSPICIOUS_MOVE = YES;
				CLANG_WARN_UNGUARDED_AVAILABILITY = YES_AGGRESSIVE;
				CLANG_WARN_UNREACHABLE_CODE = YES;
				CLANG_WARN__DUPLICATE_METHOD_MATCH = YES;
				CODE_SIGN_STYLE = Automatic;
				COPY_PHASE_STRIP = NO;
				CURRENT_PROJECT_VERSION = 1;
				DEBUG_INFORMATION_FORMAT = dwarf;
				DEVELOPMENT_ASSET_PATHS = "\"ChatGptiOS/Preview Content\"";
				DEVELOPMENT_TEAM = CTDN3273R3;
				ENABLE_PREVIEWS = YES;
				ENABLE_STRICT_OBJC_MSGSEND = YES;
				ENABLE_TESTABILITY = YES;
				ENABLE_USER_SCRIPT_SANDBOXING = YES;
				GCC_C_LANGUAGE_STANDARD = gnu17;
				GCC_DYNAMIC_NO_PIC = NO;
				GCC_NO_COMMON_BLOCKS = YES;
				GCC_OPTIMIZATION_LEVEL = 0;
				GCC_PREPROCESSOR_DEFINITIONS = (
					"DEBUG=1",
					"$(inherited)",
				);
				GCC_WARN_64_TO_32_BIT_CONVERSION = YES;
				GCC_WARN_ABOUT_RETURN_TYPE = YES_ERROR;
				GCC_WARN_UNDECLARED_SELECTOR = YES;
				GCC_WARN_UNINITIALIZED_AUTOS = YES_AGGRESSIVE;
				GCC_WARN_UNUSED_FUNCTION = YES;
				GCC_WARN_UNUSED_VARIABLE = YES;
				GENERATE_INFOPLIST_FILE = YES;
				INFOPLIST_KEY_UIApplicationSceneManifest_Generation = YES;
				INFOPLIST_KEY_UIApplicationSupportsIndirectInputEvents = YES;
				INFOPLIST_KEY_UILaunchScreen_Generation = YES;
				INFOPLIST_KEY_UISupportedInterfaceOrientations_iPad = "UIInterfaceOrientationPortrait UIInterfaceOrientationPortraitUpsideDown UIInterfaceOrientationLandscapeLeft UIInterfaceOrientationLandscapeRight";
				INFOPLIST_KEY_UISupportedInterfaceOrientations_iPhone = "UIInterfaceOrientationPortrait UIInterfaceOrientationLandscapeLeft UIInterfaceOrientationLandscapeRight";
				IPHONEOS_DEPLOYMENT_TARGET = 18.0;
				LD_RUNPATH_SEARCH_PATHS = (
					"$(inherited)",
					"@executable_path/Frameworks",
				);
				LOCALIZATION_PREFERS_STRING_CATALOGS = YES;
				MARKETING_VERSION = 1.0;
				MTL_ENABLE_DEBUG_INFO = INCLUDE_SOURCE;
				MTL_FAST_MATH = YES;
				ONLY_ACTIVE_ARCH = YES;
				PRODUCT_BUNDLE_IDENTIFIER = com.vhenriquebm.ChatGpt.ChatGptiOS;
				PRODUCT_NAME = "$(TARGET_NAME)";
				SDKROOT = iphoneos;
				SWIFT_ACTIVE_COMPILATION_CONDITIONS = "DEBUG $(inherited)";
				SWIFT_EMIT_LOC_STRINGS = YES;
				SWIFT_OPTIMIZATION_LEVEL = "-Onone";
				SWIFT_VERSION = 5.0;
				TARGETED_DEVICE_FAMILY = "1,2";
			};
			name = Debug;
		};
		427540C22DAB629A00756692 /* Release */ = {
			isa = XCBuildConfiguration;
			buildSettings = {
				ALWAYS_SEARCH_USER_PATHS = NO;
				ASSETCATALOG_COMPILER_APPICON_NAME = AppIcon;
				ASSETCATALOG_COMPILER_GENERATE_SWIFT_ASSET_SYMBOL_EXTENSIONS = YES;
				ASSETCATALOG_COMPILER_GLOBAL_ACCENT_COLOR_NAME = AccentColor;
				CLANG_ANALYZER_NONNULL = YES;
				CLANG_ANALYZER_NUMBER_OBJECT_CONVERSION = YES_AGGRESSIVE;
				CLANG_CXX_LANGUAGE_STANDARD = "gnu++20";
				CLANG_ENABLE_MODULES = YES;
				CLANG_ENABLE_OBJC_ARC = YES;
				CLANG_ENABLE_OBJC_WEAK = YES;
				CLANG_WARN_BLOCK_CAPTURE_AUTORELEASING = YES;
				CLANG_WARN_BOOL_CONVERSION = YES;
				CLANG_WARN_COMMA = YES;
				CLANG_WARN_CONSTANT_CONVERSION = YES;
				CLANG_WARN_DEPRECATED_OBJC_IMPLEMENTATIONS = YES;
				CLANG_WARN_DIRECT_OBJC_ISA_USAGE = YES_ERROR;
				CLANG_WARN_DOCUMENTATION_COMMENTS = YES;
				CLANG_WARN_EMPTY_BODY = YES;
				CLANG_WARN_ENUM_CONVERSION = YES;
				CLANG_WARN_INFINITE_RECURSION = YES;
				CLANG_WARN_INT_CONVERSION = YES;
				CLANG_WARN_NON_LITERAL_NULL_CONVERSION = YES;
				CLANG_WARN_OBJC_IMPLICIT_RETAIN_SELF = YES;
				CLANG_WARN_OBJC_LITERAL_CONVERSION = YES;
				CLANG_WARN_OBJC_ROOT_CLASS = YES_ERROR;
				CLANG_WARN_QUOTED_INCLUDE_IN_FRAMEWORK_HEADER = YES;
				CLANG_WARN_RANGE_LOOP_ANALYSIS = YES;
				CLANG_WARN_STRICT_PROTOTYPES = YES;
				CLANG_WARN_SUSPICIOUS_MOVE = YES;
				CLANG_WARN_UNGUARDED_AVAILABILITY = YES_AGGRESSIVE;
				CLANG_WARN_UNREACHABLE_CODE = YES;
				CLANG_WARN__DUPLICATE_METHOD_MATCH = YES;
				CODE_SIGN_STYLE = Automatic;
				COPY_PHASE_STRIP = NO;
				CURRENT_PROJECT_VERSION = 1;
				DEBUG_INFORMATION_FORMAT = "dwarf-with-dsym";
				DEVELOPMENT_ASSET_PATHS = "\"ChatGptiOS/Preview Content\"";
				DEVELOPMENT_TEAM = CTDN3273R3;
				ENABLE_NS_ASSERTIONS = NO;
				ENABLE_PREVIEWS = YES;
				ENABLE_STRICT_OBJC_MSGSEND = YES;
				ENABLE_USER_SCRIPT_SANDBOXING = YES;
				GCC_C_LANGUAGE_STANDARD = gnu17;
				GCC_NO_COMMON_BLOCKS = YES;
				GCC_WARN_64_TO_32_BIT_CONVERSION = YES;
				GCC_WARN_ABOUT_RETURN_TYPE = YES_ERROR;
				GCC_WARN_UNDECLARED_SELECTOR = YES;
				GCC_WARN_UNINITIALIZED_AUTOS = YES_AGGRESSIVE;
				GCC_WARN_UNUSED_FUNCTION = YES;
				GCC_WARN_UNUSED_VARIABLE = YES;
				GENERATE_INFOPLIST_FILE = YES;
				INFOPLIST_KEY_UIApplicationSceneManifest_Generation = YES;
				INFOPLIST_KEY_UIApplicationSupportsIndirectInputEvents = YES;
				INFOPLIST_KEY_UILaunchScreen_Generation = YES;
				INFOPLIST_KEY_UISupportedInterfaceOrientations_iPad = "UIInterfaceOrientationPortrait UIInterfaceOrientationPortraitUpsideDown UIInterfaceOrientationLandscapeLeft UIInterfaceOrientationLandscapeRight";
				INFOPLIST_KEY_UISupportedInterfaceOrientations_iPhone = "UIInterfaceOrientationPortrait UIInterfaceOrientationLandscapeLeft UIInterfaceOrientationLandscapeRight";
				IPHONEOS_DEPLOYMENT_TARGET = 18.0;
				LD_RUNPATH_SEARCH_PATHS = (
					"$(inherited)",
					"@executable_path/Frameworks",
				);
				LOCALIZATION_PREFERS_STRING_CATALOGS = YES;
				MARKETING_VERSION = 1.0;
				MTL_ENABLE_DEBUG_INFO = NO;
				MTL_FAST_MATH = YES;
				PRODUCT_BUNDLE_IDENTIFIER = com.vhenriquebm.ChatGpt.ChatGptiOS;
				PRODUCT_NAME = "$(TARGET_NAME)";
				SDKROOT = iphoneos;
				SWIFT_COMPILATION_MODE = wholemodule;
				SWIFT_EMIT_LOC_STRINGS = YES;
				SWIFT_VERSION = 5.0;
				TARGETED_DEVICE_FAMILY = "1,2";
				VALIDATE_PRODUCT = YES;
			};
			name = Release;
		};
		427540D42DAB62EB00756692 /* Debug */ = {
			isa = XCBuildConfiguration;
			buildSettings = {
				ALWAYS_SEARCH_USER_PATHS = NO;
				ASSETCATALOG_COMPILER_APPICON_NAME = AppIcon;
				ASSETCATALOG_COMPILER_GENERATE_SWIFT_ASSET_SYMBOL_EXTENSIONS = YES;
				ASSETCATALOG_COMPILER_GLOBAL_ACCENT_COLOR_NAME = AccentColor;
				CLANG_ANALYZER_NONNULL = YES;
				CLANG_ANALYZER_NUMBER_OBJECT_CONVERSION = YES_AGGRESSIVE;
				CLANG_CXX_LANGUAGE_STANDARD = "gnu++20";
				CLANG_ENABLE_MODULES = YES;
				CLANG_ENABLE_OBJC_ARC = YES;
				CLANG_ENABLE_OBJC_WEAK = YES;
				CLANG_WARN_BLOCK_CAPTURE_AUTORELEASING = YES;
				CLANG_WARN_BOOL_CONVERSION = YES;
				CLANG_WARN_COMMA = YES;
				CLANG_WARN_CONSTANT_CONVERSION = YES;
				CLANG_WARN_DEPRECATED_OBJC_IMPLEMENTATIONS = YES;
				CLANG_WARN_DIRECT_OBJC_ISA_USAGE = YES_ERROR;
				CLANG_WARN_DOCUMENTATION_COMMENTS = YES;
				CLANG_WARN_EMPTY_BODY = YES;
				CLANG_WARN_ENUM_CONVERSION = YES;
				CLANG_WARN_INFINITE_RECURSION = YES;
				CLANG_WARN_INT_CONVERSION = YES;
				CLANG_WARN_NON_LITERAL_NULL_CONVERSION = YES;
				CLANG_WARN_OBJC_IMPLICIT_RETAIN_SELF = YES;
				CLANG_WARN_OBJC_LITERAL_CONVERSION = YES;
				CLANG_WARN_OBJC_ROOT_CLASS = YES_ERROR;
				CLANG_WARN_QUOTED_INCLUDE_IN_FRAMEWORK_HEADER = YES;
				CLANG_WARN_RANGE_LOOP_ANALYSIS = YES;
				CLANG_WARN_STRICT_PROTOTYPES = YES;
				CLANG_WARN_SUSPICIOUS_MOVE = YES;
				CLANG_WARN_UNGUARDED_AVAILABILITY = YES_AGGRESSIVE;
				CLANG_WARN_UNREACHABLE_CODE = YES;
				CLANG_WARN__DUPLICATE_METHOD_MATCH = YES;
				CODE_SIGN_ENTITLEMENTS = ChatGptmacOS/ChatGptmacOS.entitlements;
				CODE_SIGN_STYLE = Automatic;
				COMBINE_HIDPI_IMAGES = YES;
				COPY_PHASE_STRIP = NO;
				CURRENT_PROJECT_VERSION = 1;
				DEBUG_INFORMATION_FORMAT = dwarf;
				DEVELOPMENT_ASSET_PATHS = "\"ChatGptmacOS/Preview Content\"";
				DEVELOPMENT_TEAM = CTDN3273R3;
				ENABLE_HARDENED_RUNTIME = YES;
				ENABLE_PREVIEWS = YES;
				ENABLE_STRICT_OBJC_MSGSEND = YES;
				ENABLE_TESTABILITY = YES;
				ENABLE_USER_SCRIPT_SANDBOXING = YES;
				GCC_C_LANGUAGE_STANDARD = gnu17;
				GCC_DYNAMIC_NO_PIC = NO;
				GCC_NO_COMMON_BLOCKS = YES;
				GCC_OPTIMIZATION_LEVEL = 0;
				GCC_PREPROCESSOR_DEFINITIONS = (
					"DEBUG=1",
					"$(inherited)",
				);
				GCC_WARN_64_TO_32_BIT_CONVERSION = YES;
				GCC_WARN_ABOUT_RETURN_TYPE = YES_ERROR;
				GCC_WARN_UNDECLARED_SELECTOR = YES;
				GCC_WARN_UNINITIALIZED_AUTOS = YES_AGGRESSIVE;
				GCC_WARN_UNUSED_FUNCTION = YES;
				GCC_WARN_UNUSED_VARIABLE = YES;
				GENERATE_INFOPLIST_FILE = YES;
				INFOPLIST_KEY_NSHumanReadableCopyright = "";
				LD_RUNPATH_SEARCH_PATHS = (
					"$(inherited)",
					"@executable_path/../Frameworks",
				);
				LOCALIZATION_PREFERS_STRING_CATALOGS = YES;
				MACOSX_DEPLOYMENT_TARGET = 15.0;
				MARKETING_VERSION = 1.0;
				MTL_ENABLE_DEBUG_INFO = INCLUDE_SOURCE;
				MTL_FAST_MATH = YES;
				ONLY_ACTIVE_ARCH = YES;
				PRODUCT_BUNDLE_IDENTIFIER = com.vhenriquebm.ChatGpt.ChatGptmacOS;
				PRODUCT_NAME = "$(TARGET_NAME)";
				SDKROOT = macosx;
				SWIFT_ACTIVE_COMPILATION_CONDITIONS = "DEBUG $(inherited)";
				SWIFT_EMIT_LOC_STRINGS = YES;
				SWIFT_OPTIMIZATION_LEVEL = "-Onone";
				SWIFT_VERSION = 5.0;
			};
			name = Debug;
		};
		427540D52DAB62EB00756692 /* Release */ = {
			isa = XCBuildConfiguration;
			buildSettings = {
				ALWAYS_SEARCH_USER_PATHS = NO;
				ASSETCATALOG_COMPILER_APPICON_NAME = AppIcon;
				ASSETCATALOG_COMPILER_GENERATE_SWIFT_ASSET_SYMBOL_EXTENSIONS = YES;
				ASSETCATALOG_COMPILER_GLOBAL_ACCENT_COLOR_NAME = AccentColor;
				CLANG_ANALYZER_NONNULL = YES;
				CLANG_ANALYZER_NUMBER_OBJECT_CONVERSION = YES_AGGRESSIVE;
				CLANG_CXX_LANGUAGE_STANDARD = "gnu++20";
				CLANG_ENABLE_MODULES = YES;
				CLANG_ENABLE_OBJC_ARC = YES;
				CLANG_ENABLE_OBJC_WEAK = YES;
				CLANG_WARN_BLOCK_CAPTURE_AUTORELEASING = YES;
				CLANG_WARN_BOOL_CONVERSION = YES;
				CLANG_WARN_COMMA = YES;
				CLANG_WARN_CONSTANT_CONVERSION = YES;
				CLANG_WARN_DEPRECATED_OBJC_IMPLEMENTATIONS = YES;
				CLANG_WARN_DIRECT_OBJC_ISA_USAGE = YES_ERROR;
				CLANG_WARN_DOCUMENTATION_COMMENTS = YES;
				CLANG_WARN_EMPTY_BODY = YES;
				CLANG_WARN_ENUM_CONVERSION = YES;
				CLANG_WARN_INFINITE_RECURSION = YES;
				CLANG_WARN_INT_CONVERSION = YES;
				CLANG_WARN_NON_LITERAL_NULL_CONVERSION = YES;
				CLANG_WARN_OBJC_IMPLICIT_RETAIN_SELF = YES;
				CLANG_WARN_OBJC_LITERAL_CONVERSION = YES;
				CLANG_WARN_OBJC_ROOT_CLASS = YES_ERROR;
				CLANG_WARN_QUOTED_INCLUDE_IN_FRAMEWORK_HEADER = YES;
				CLANG_WARN_RANGE_LOOP_ANALYSIS = YES;
				CLANG_WARN_STRICT_PROTOTYPES = YES;
				CLANG_WARN_SUSPICIOUS_MOVE = YES;
				CLANG_WARN_UNGUARDED_AVAILABILITY = YES_AGGRESSIVE;
				CLANG_WARN_UNREACHABLE_CODE = YES;
				CLANG_WARN__DUPLICATE_METHOD_MATCH = YES;
				CODE_SIGN_ENTITLEMENTS = ChatGptmacOS/ChatGptmacOS.entitlements;
				CODE_SIGN_STYLE = Automatic;
				COMBINE_HIDPI_IMAGES = YES;
				COPY_PHASE_STRIP = NO;
				CURRENT_PROJECT_VERSION = 1;
				DEBUG_INFORMATION_FORMAT = "dwarf-with-dsym";
				DEVELOPMENT_ASSET_PATHS = "\"ChatGptmacOS/Preview Content\"";
				DEVELOPMENT_TEAM = CTDN3273R3;
				ENABLE_HARDENED_RUNTIME = YES;
				ENABLE_NS_ASSERTIONS = NO;
				ENABLE_PREVIEWS = YES;
				ENABLE_STRICT_OBJC_MSGSEND = YES;
				ENABLE_USER_SCRIPT_SANDBOXING = YES;
				GCC_C_LANGUAGE_STANDARD = gnu17;
				GCC_NO_COMMON_BLOCKS = YES;
				GCC_WARN_64_TO_32_BIT_CONVERSION = YES;
				GCC_WARN_ABOUT_RETURN_TYPE = YES_ERROR;
				GCC_WARN_UNDECLARED_SELECTOR = YES;
				GCC_WARN_UNINITIALIZED_AUTOS = YES_AGGRESSIVE;
				GCC_WARN_UNUSED_FUNCTION = YES;
				GCC_WARN_UNUSED_VARIABLE = YES;
				GENERATE_INFOPLIST_FILE = YES;
				INFOPLIST_KEY_NSHumanReadableCopyright = "";
				LD_RUNPATH_SEARCH_PATHS = (
					"$(inherited)",
					"@executable_path/../Frameworks",
				);
				LOCALIZATION_PREFERS_STRING_CATALOGS = YES;
				MACOSX_DEPLOYMENT_TARGET = 15.0;
				MARKETING_VERSION = 1.0;
				MTL_ENABLE_DEBUG_INFO = NO;
				MTL_FAST_MATH = YES;
				PRODUCT_BUNDLE_IDENTIFIER = com.vhenriquebm.ChatGpt.ChatGptmacOS;
				PRODUCT_NAME = "$(TARGET_NAME)";
				SDKROOT = macosx;
				SWIFT_COMPILATION_MODE = wholemodule;
				SWIFT_EMIT_LOC_STRINGS = YES;
				SWIFT_VERSION = 5.0;
			};
			name = Release;
		};
/* End XCBuildConfiguration section */

/* Begin XCConfigurationList section */
		427540AD2DAB624100756692 /* Build configuration list for PBXProject "ChatGpt" */ = {
			isa = XCConfigurationList;
			buildConfigurations = (
				427540AE2DAB624100756692 /* Debug */,
				427540AF2DAB624100756692 /* Release */,
			);
			defaultConfigurationIsVisible = 0;
			defaultConfigurationName = Release;
		};
		427540C02DAB629A00756692 /* Build configuration list for PBXNativeTarget "ChatGptiOS" */ = {
			isa = XCConfigurationList;
			buildConfigurations = (
				427540C12DAB629A00756692 /* Debug */,
				427540C22DAB629A00756692 /* Release */,
			);
			defaultConfigurationIsVisible = 0;
			defaultConfigurationName = Release;
		};
		427540D32DAB62EB00756692 /* Build configuration list for PBXNativeTarget "ChatGptmacOS" */ = {
			isa = XCConfigurationList;
			buildConfigurations = (
				427540D42DAB62EB00756692 /* Debug */,
				427540D52DAB62EB00756692 /* Release */,
			);
			defaultConfigurationIsVisible = 0;
			defaultConfigurationName = Release;
		};
/* End XCConfigurationList section */

/* Begin XCRemoteSwiftPackageReference section */
		427540DA2DAB646000756692 /* XCRemoteSwiftPackageReference "OpenAISwift" */ = {
			isa = XCRemoteSwiftPackageReference;
			repositoryURL = "https://github.com/adamrushy/OpenAISwift";
			requirement = {
				kind = upToNextMajorVersion;
				minimumVersion = 1.4.1;
			};
		};
/* End XCRemoteSwiftPackageReference section */

/* Begin XCSwiftPackageProductDependency section */
		427540DB2DAB646000756692 /* OpenAISwift */ = {
			isa = XCSwiftPackageProductDependency;
			package = 427540DA2DAB646000756692 /* XCRemoteSwiftPackageReference "OpenAISwift" */;
			productName = OpenAISwift;
		};
		427540DE2DAB64A100756692 /* OpenAISwift */ = {
			isa = XCSwiftPackageProductDependency;
			package = 427540DA2DAB646000756692 /* XCRemoteSwiftPackageReference "OpenAISwift" */;
			productName = OpenAISwift;
		};
/* End XCSwiftPackageProductDependency section */
	};
	rootObject = 427540AA2DAB624100756692 /* Project object */;
}
